
Microsoft Visual Studio Solution File, Format Version 12.00
# Visual Studio Version 17
VisualStudioVersion = 17.4.33205.214
MinimumVisualStudioVersion = 10.0.40219.1
Project("{9A19103F-16F7-4668-BE54-9A1E7A4F7556}") = "BookReading.API", "src\BookReading.API\BookReading.API.csproj", "{F595EA8F-6548-4AA0-BB06-7AB0EBF3AAD6}"
EndProject
Project("{9A19103F-16F7-4668-BE54-9A1E7A4F7556}") = "BookReading.DomainLayer", "src\BookReading.DomainLayer\BookReading.DomainLayer.csproj", "{02E4AE68-0CA5-4BF6-B560-5122E15365CB}"
EndProject
Project("{9A19103F-16F7-4668-BE54-9A1E7A4F7556}") = "BookReading.Infrastructure", "src\BookReading.Infrastructure\BookReading.Infrastructure.csproj", "{FBC1EA3E-81C0-4649-8808-F22D61732174}"
EndProject
Project("{2150E333-8FDC-42A3-9474-1A3956D46DE8}") = "tests", "tests", "{B681C50C-6B20-4295-91AB-11230858801A}"
EndProject
Project("{FAE04EC0-301F-11D3-BF4B-00C04F79EFBC}") = "BookReading.Web", "src\BookReading.Web\BookReading.Web.csproj", "{9D3CA679-4EE5-4C11-AF1B-A8C03F2BC94B}"
EndProject
Global
	GlobalSection(SolutionConfigurationPlatforms) = preSolution
		Debug|Any CPU = Debug|Any CPU
		Release|Any CPU = Release|Any CPU
	EndGlobalSection
	GlobalSection(ProjectConfigurationPlatforms) = postSolution
		{F595EA8F-6548-4AA0-BB06-7AB0EBF3AAD6}.Debug|Any CPU.ActiveCfg = Debug|Any CPU
		{F595EA8F-6548-4AA0-BB06-7AB0EBF3AAD6}.Debug|Any CPU.Build.0 = Debug|Any CPU
		{F595EA8F-6548-4AA0-BB06-7AB0EBF3AAD6}.Release|Any CPU.ActiveCfg = Release|Any CPU
		{F595EA8F-6548-4AA0-BB06-7AB0EBF3AAD6}.Release|Any CPU.Build.0 = Release|Any CPU
		{02E4AE68-0CA5-4BF6-B560-5122E15365CB}.Debug|Any CPU.ActiveCfg = Debug|Any CPU
		{02E4AE68-0CA5-4BF6-B560-5122E15365CB}.Debug|Any CPU.Build.0 = Debug|Any CPU
		{02E4AE68-0CA5-4BF6-B560-5122E15365CB}.Release|Any CPU.ActiveCfg = Release|Any CPU
		{02E4AE68-0CA5-4BF6-B560-5122E15365CB}.Release|Any CPU.Build.0 = Release|Any CPU
		{FBC1EA3E-81C0-4649-8808-F22D61732174}.Debug|Any CPU.ActiveCfg = Debug|Any CPU
		{FBC1EA3E-81C0-4649-8808-F22D61732174}.Debug|Any CPU.Build.0 = Debug|Any CPU
		{FBC1EA3E-81C0-4649-8808-F22D61732174}.Release|Any CPU.ActiveCfg = Release|Any CPU
		{FBC1EA3E-81C0-4649-8808-F22D61732174}.Release|Any CPU.Build.0 = Release|Any CPU
		{9D3CA679-4EE5-4C11-AF1B-A8C03F2BC94B}.Debug|Any CPU.ActiveCfg = Debug|Any CPU
		{9D3CA679-4EE5-4C11-AF1B-A8C03F2BC94B}.Debug|Any CPU.Build.0 = Debug|Any CPU
		{9D3CA679-4EE5-4C11-AF1B-A8C03F2BC94B}.Release|Any CPU.ActiveCfg = Release|Any CPU
		{9D3CA679-4EE5-4C11-AF1B-A8C03F2BC94B}.Release|Any CPU.Build.0 = Release|Any CPU
	EndGlobalSection
	GlobalSection(SolutionProperties) = preSolution
		HideSolutionNode = FALSE
	EndGlobalSection
	GlobalSection(ExtensibilityGlobals) = postSolution
		SolutionGuid = {AE8735B0-A734-4BF3-8A03-EBB845ADCA30}
	EndGlobalSection
EndGlobal
